Microsoft Visual Studio Solution File, Format Version 12.00
# Visual Studio Version 17
VisualStudioVersion = 17.5.2.0
MinimumVisualStudioVersion = 10.0.40219.1
Project("{FAE04EC0-301F-11D3-BF4B-00C04F79EFBC}") = "ControlApp.API", "ControlApp.API\ControlApp.API.csproj", "{8FA4A0F5-EC6D-DDC8-D9D8-F12DB0683C1D}"
EndProject
Global
	GlobalSection(SolutionConfigurationPlatforms) = preSolution
		Debug|Any CPU = Debug|Any CPU
		Release|Any CPU = Release|Any CPU
	EndGlobalSection
	GlobalSection(ProjectConfigurationPlatforms) = postSolution
		{8FA4A0F5-EC6D-DDC8-D9D8-F12DB0683C1D}.Debug|Any CPU.ActiveCfg = Debug|Any CPU
		{8FA4A0F5-EC6D-DDC8-D9D8-F12DB0683C1D}.Debug|Any CPU.Build.0 = Debug|Any CPU
		{8FA4A0F5-EC6D-DDC8-D9D8-F12DB0683C1D}.Release|Any CPU.ActiveCfg = Release|Any CPU
		{8FA4A0F5-EC6D-DDC8-D9D8-F12DB0683C1D}.Release|Any CPU.Build.0 = Release|Any CPU
	EndGlobalSection
	GlobalSection(SolutionProperties) = preSolution
		HideSolutionNode = FALSE
	EndGlobalSection
	GlobalSection(ExtensibilityGlobals) = postSolution
		SolutionGuid = {92D6A81B-E412-46C4-8A48-373FFA39BD86}
	EndGlobalSection
EndGlobal
